// !$*UTF8*$!
{
	archiveVersion = 1;
	classes = {
	};
	objectVersion = 56;
	objects = {

/* Begin PBXBuildFile section */
		01D2FB3C5996AF030EA00297 /* Pods_GraphTheoryTests.framework in Frameworks */ = {isa = PBXBuildFile; fileRef = FCF82B03D7FC68368BA8E317 /* Pods_GraphTheoryTests.framework */; };
		27F67C09295475DB0070DB24 /* GraphTheoryApp.swift in Sources */ = {isa = PBXBuildFile; fileRef = 27F67C08295475DB0070DB24 /* GraphTheoryApp.swift */; };
		27F67C0B295475DB0070DB24 /* ContentView.swift in Sources */ = {isa = PBXBuildFile; fileRef = 27F67C0A295475DB0070DB24 /* ContentView.swift */; };
		27F67C0D295475DC0070DB24 /* Assets.xcassets in Resources */ = {isa = PBXBuildFile; fileRef = 27F67C0C295475DC0070DB24 /* Assets.xcassets */; };
		27F67C10295475DC0070DB24 /* Preview Assets.xcassets in Resources */ = {isa = PBXBuildFile; fileRef = 27F67C0F295475DC0070DB24 /* Preview Assets.xcassets */; };
		27F67C1B295475DC0070DB24 /* GraphTheoryTests.swift in Sources */ = {isa = PBXBuildFile; fileRef = 27F67C1A295475DC0070DB24 /* GraphTheoryTests.swift */; };
		27F67C25295475DC0070DB24 /* GraphTheoryUITests.swift in Sources */ = {isa = PBXBuildFile; fileRef = 27F67C24295475DC0070DB24 /* GraphTheoryUITests.swift */; };
		27F67C27295475DC0070DB24 /* GraphTheoryUITestsLaunchTests.swift in Sources */ = {isa = PBXBuildFile; fileRef = 27F67C26295475DC0070DB24 /* GraphTheoryUITestsLaunchTests.swift */; };
		27F67C34295476BB0070DB24 /* Gradients.swift in Sources */ = {isa = PBXBuildFile; fileRef = 27F67C33295476BB0070DB24 /* Gradients.swift */; };
		27F67C36295476DF0070DB24 /* Math.swift in Sources */ = {isa = PBXBuildFile; fileRef = 27F67C35295476DF0070DB24 /* Math.swift */; };
		27F67C38295477F10070DB24 /* NumbersOnly.swift in Sources */ = {isa = PBXBuildFile; fileRef = 27F67C37295477F10070DB24 /* NumbersOnly.swift */; };
		27F67C3A295478100070DB24 /* TrailingIcon.swift in Sources */ = {isa = PBXBuildFile; fileRef = 27F67C39295478100070DB24 /* TrailingIcon.swift */; };
		27F67C3D295478450070DB24 /* ChinesePostman.swift in Sources */ = {isa = PBXBuildFile; fileRef = 27F67C3C295478450070DB24 /* ChinesePostman.swift */; };
		27F67C45295478C40070DB24 /* Kruskal.swift in Sources */ = {isa = PBXBuildFile; fileRef = 27F67C44295478C40070DB24 /* Kruskal.swift */; };
		27F67C47295478DE0070DB24 /* Matrix.swift in Sources */ = {isa = PBXBuildFile; fileRef = 27F67C46295478DD0070DB24 /* Matrix.swift */; };
		27F67C49295478F40070DB24 /* Permutation.swift in Sources */ = {isa = PBXBuildFile; fileRef = 27F67C48295478F40070DB24 /* Permutation.swift */; };
		27F67C4B295479100070DB24 /* Prim.swift in Sources */ = {isa = PBXBuildFile; fileRef = 27F67C4A295479100070DB24 /* Prim.swift */; };
		27F67C4D2954792C0070DB24 /* PrimTable.swift in Sources */ = {isa = PBXBuildFile; fileRef = 27F67C4C2954792C0070DB24 /* PrimTable.swift */; };
		27F67C4F295479530070DB24 /* TSP.swift in Sources */ = {isa = PBXBuildFile; fileRef = 27F67C4E295479530070DB24 /* TSP.swift */; };
		27F67C5229547E160070DB24 /* Graphs.swift in Sources */ = {isa = PBXBuildFile; fileRef = 27F67C5129547E160070DB24 /* Graphs.swift */; };
		27F67C5429547ECE0070DB24 /* GraphTheoryIntro.swift in Sources */ = {isa = PBXBuildFile; fileRef = 27F67C5329547ECE0070DB24 /* GraphTheoryIntro.swift */; };
		27F67C5629547F000070DB24 /* PracticeA.swift in Sources */ = {isa = PBXBuildFile; fileRef = 27F67C5529547F000070DB24 /* PracticeA.swift */; };
		27F67C5929547F330070DB24 /* ChinesePostmanModel1.swift in Sources */ = {isa = PBXBuildFile; fileRef = 27F67C5829547F330070DB24 /* ChinesePostmanModel1.swift */; };
		27F67C5B29547F570070DB24 /* Kruskal1.swift in Sources */ = {isa = PBXBuildFile; fileRef = 27F67C5A29547F570070DB24 /* Kruskal1.swift */; };
		27F67C5D29547F690070DB24 /* Loops.swift in Sources */ = {isa = PBXBuildFile; fileRef = 27F67C5C29547F690070DB24 /* Loops.swift */; };
		27F67C5F29547F7C0070DB24 /* Graph.swift in Sources */ = {isa = PBXBuildFile; fileRef = 27F67C5E29547F7C0070DB24 /* Graph.swift */; };
		27F67C6129547F920070DB24 /* PrimTableModel1.swift in Sources */ = {isa = PBXBuildFile; fileRef = 27F67C6029547F920070DB24 /* PrimTableModel1.swift */; };
		27F67C6329547FB50070DB24 /* TSP1.swift in Sources */ = {isa = PBXBuildFile; fileRef = 27F67C6229547FB50070DB24 /* TSP1.swift */; };
		27F67C6629547FF50070DB24 /* DefinitionView.swift in Sources */ = {isa = PBXBuildFile; fileRef = 27F67C6529547FF50070DB24 /* DefinitionView.swift */; };
		27F67C68295480310070DB24 /* DirectedGraph.swift in Sources */ = {isa = PBXBuildFile; fileRef = 27F67C67295480310070DB24 /* DirectedGraph.swift */; };
		27F67C6A295480490070DB24 /* Konigsberg.swift in Sources */ = {isa = PBXBuildFile; fileRef = 27F67C69295480490070DB24 /* Konigsberg.swift */; };
		27F67C6C2954805E0070DB24 /* Konigsberg2.swift in Sources */ = {isa = PBXBuildFile; fileRef = 27F67C6B2954805E0070DB24 /* Konigsberg2.swift */; };
		27F67C6E295480760070DB24 /* PracticeA1.swift in Sources */ = {isa = PBXBuildFile; fileRef = 27F67C6D295480760070DB24 /* PracticeA1.swift */; };
		27F67C702954808B0070DB24 /* PracticeA2.swift in Sources */ = {isa = PBXBuildFile; fileRef = 27F67C6F2954808B0070DB24 /* PracticeA2.swift */; };
		27F67C722954809F0070DB24 /* PracticeA3.swift in Sources */ = {isa = PBXBuildFile; fileRef = 27F67C712954809F0070DB24 /* PracticeA3.swift */; };
		27F67C75295480C80070DB24 /* Canvas.swift in Sources */ = {isa = PBXBuildFile; fileRef = 27F67C74295480C80070DB24 /* Canvas.swift */; };
		27F67C77295480E10070DB24 /* Definition.swift in Sources */ = {isa = PBXBuildFile; fileRef = 27F67C76295480E10070DB24 /* Definition.swift */; };
		27F67C79295480FF0070DB24 /* Edge.swift in Sources */ = {isa = PBXBuildFile; fileRef = 27F67C78295480FF0070DB24 /* Edge.swift */; };
		27F67C7B295481940070DB24 /* Vertex.swift in Sources */ = {isa = PBXBuildFile; fileRef = 27F67C7A295481940070DB24 /* Vertex.swift */; };
		BD39621C2CF39D1C005FB1A0 /* Toolbars.swift in Sources */ = {isa = PBXBuildFile; fileRef = BD39621B2CF39D1C005FB1A0 /* Toolbars.swift */; };
		BD3962202CF3B103005FB1A0 /* KruskalEdgeView.swift in Sources */ = {isa = PBXBuildFile; fileRef = BD39621F2CF3B103005FB1A0 /* KruskalEdgeView.swift */; };
		BD3962222CF3BD91005FB1A0 /* PrimEdgeView.swift in Sources */ = {isa = PBXBuildFile; fileRef = BD3962212CF3BD91005FB1A0 /* PrimEdgeView.swift */; };
		BD3962242CF3BF5E005FB1A0 /* ChinesePostmanEdgeView.swift in Sources */ = {isa = PBXBuildFile; fileRef = BD3962232CF3BF5E005FB1A0 /* ChinesePostmanEdgeView.swift */; };
		BD3962262CF3BFBC005FB1A0 /* TSPEdgeView.swift in Sources */ = {isa = PBXBuildFile; fileRef = BD3962252CF3BFBC005FB1A0 /* TSPEdgeView.swift */; };
		BD3962282CF3C02E005FB1A0 /* EulerEdgeView.swift in Sources */ = {isa = PBXBuildFile; fileRef = BD3962272CF3C02E005FB1A0 /* EulerEdgeView.swift */; };
		BD3C85272CF3C643007312D6 /* EdgeGesture.swift in Sources */ = {isa = PBXBuildFile; fileRef = BD3C85262CF3C643007312D6 /* EdgeGesture.swift */; };
		BD5239512CF42D380067D26C /* VertexGesture.swift in Sources */ = {isa = PBXBuildFile; fileRef = BD5239502CF42D380067D26C /* VertexGesture.swift */; };
		C988A5CE61EFB5541BB9C3D4 /* Pods_GraphTheory.framework in Frameworks */ = {isa = PBXBuildFile; fileRef = 97C4ED15545457457F643D1C /* Pods_GraphTheory.framework */; };
		D7D0670F4FFB7735E3C6C05C /* Pods_GraphTheory_GraphTheoryUITests.framework in Frameworks */ = {isa = PBXBuildFile; fileRef = 51FE4122193167D395C2540B /* Pods_GraphTheory_GraphTheoryUITests.framework */; };
/* End PBXBuildFile section */

/* Begin PBXContainerItemProxy section */
		27F67C17295475DC0070DB24 /* PBXContainerItemProxy */ = {
			isa = PBXContainerItemProxy;
			containerPortal = 27F67BFD295475DB0070DB24 /* Project object */;
			proxyType = 1;
			remoteGlobalIDString = 27F67C04295475DB0070DB24;
			remoteInfo = GraphTheory;
		};
		27F67C21295475DC0070DB24 /* PBXContainerItemProxy */ = {
			isa = PBXContainerItemProxy;
			containerPortal = 27F67BFD295475DB0070DB24 /* Project object */;
			proxyType = 1;
			remoteGlobalIDString = 27F67C04295475DB0070DB24;
			remoteInfo = GraphTheory;
		};
/* End PBXContainerItemProxy section */

/* Begin PBXFileReference section */
		01887E2FE82E79CC8E2AAEDD /* Pods-GraphTheoryTests.release.xcconfig */ = {isa = PBXFileReference; includeInIndex = 1; lastKnownFileType = text.xcconfig; name = "Pods-GraphTheoryTests.release.xcconfig"; path = "Target Support Files/Pods-GraphTheoryTests/Pods-GraphTheoryTests.release.xcconfig"; sourceTree = "<group>"; };
		0B4053BE9F6A3915FBE2753E /* Pods-GraphTheory.release.xcconfig */ = {isa = PBXFileReference; includeInIndex = 1; lastKnownFileType = text.xcconfig; name = "Pods-GraphTheory.release.xcconfig"; path = "Target Support Files/Pods-GraphTheory/Pods-GraphTheory.release.xcconfig"; sourceTree = "<group>"; };
		27F67C05295475DB0070DB24 /* GraphTheory.app */ = {isa = PBXFileReference; explicitFileType = wrapper.application; includeInIndex = 0; path = GraphTheory.app; sourceTree = BUILT_PRODUCTS_DIR; };
		27F67C08295475DB0070DB24 /* GraphTheoryApp.swift */ = {isa = PBXFileReference; lastKnownFileType = sourcecode.swift; path = GraphTheoryApp.swift; sourceTree = "<group>"; };
		27F67C0A295475DB0070DB24 /* ContentView.swift */ = {isa = PBXFileReference; lastKnownFileType = sourcecode.swift; path = ContentView.swift; sourceTree = "<group>"; };
		27F67C0C295475DC0070DB24 /* Assets.xcassets */ = {isa = PBXFileReference; lastKnownFileType = folder.assetcatalog; path = Assets.xcassets; sourceTree = "<group>"; };
		27F67C0F295475DC0070DB24 /* Preview Assets.xcassets */ = {isa = PBXFileReference; lastKnownFileType = folder.assetcatalog; path = "Preview Assets.xcassets"; sourceTree = "<group>"; };
		27F67C11295475DC0070DB24 /* GraphTheory.entitlements */ = {isa = PBXFileReference; lastKnownFileType = text.plist.entitlements; path = GraphTheory.entitlements; sourceTree = "<group>"; };
		27F67C16295475DC0070DB24 /* GraphTheoryTests.xctest */ = {isa = PBXFileReference; explicitFileType = wrapper.cfbundle; includeInIndex = 0; path = GraphTheoryTests.xctest; sourceTree = BUILT_PRODUCTS_DIR; };
		27F67C1A295475DC0070DB24 /* GraphTheoryTests.swift */ = {isa = PBXFileReference; lastKnownFileType = sourcecode.swift; path = GraphTheoryTests.swift; sourceTree = "<group>"; };
		27F67C20295475DC0070DB24 /* GraphTheoryUITests.xctest */ = {isa = PBXFileReference; explicitFileType = wrapper.cfbundle; includeInIndex = 0; path = GraphTheoryUITests.xctest; sourceTree = BUILT_PRODUCTS_DIR; };
		27F67C24295475DC0070DB24 /* GraphTheoryUITests.swift */ = {isa = PBXFileReference; lastKnownFileType = sourcecode.swift; path = GraphTheoryUITests.swift; sourceTree = "<group>"; };
		27F67C26295475DC0070DB24 /* GraphTheoryUITestsLaunchTests.swift */ = {isa = PBXFileReference; lastKnownFileType = sourcecode.swift; path = GraphTheoryUITestsLaunchTests.swift; sourceTree = "<group>"; };
		27F67C33295476BB0070DB24 /* Gradients.swift */ = {isa = PBXFileReference; lastKnownFileType = sourcecode.swift; path = Gradients.swift; sourceTree = "<group>"; };
		27F67C35295476DF0070DB24 /* Math.swift */ = {isa = PBXFileReference; lastKnownFileType = sourcecode.swift; path = Math.swift; sourceTree = "<group>"; };
		27F67C37295477F10070DB24 /* NumbersOnly.swift */ = {isa = PBXFileReference; lastKnownFileType = sourcecode.swift; path = NumbersOnly.swift; sourceTree = "<group>"; };
		27F67C39295478100070DB24 /* TrailingIcon.swift */ = {isa = PBXFileReference; lastKnownFileType = sourcecode.swift; path = TrailingIcon.swift; sourceTree = "<group>"; };
		27F67C3C295478450070DB24 /* ChinesePostman.swift */ = {isa = PBXFileReference; lastKnownFileType = sourcecode.swift; path = ChinesePostman.swift; sourceTree = "<group>"; };
		27F67C44295478C40070DB24 /* Kruskal.swift */ = {isa = PBXFileReference; lastKnownFileType = sourcecode.swift; path = Kruskal.swift; sourceTree = "<group>"; };
		27F67C46295478DD0070DB24 /* Matrix.swift */ = {isa = PBXFileReference; lastKnownFileType = sourcecode.swift; path = Matrix.swift; sourceTree = "<group>"; };
		27F67C48295478F40070DB24 /* Permutation.swift */ = {isa = PBXFileReference; lastKnownFileType = sourcecode.swift; path = Permutation.swift; sourceTree = "<group>"; };
		27F67C4A295479100070DB24 /* Prim.swift */ = {isa = PBXFileReference; lastKnownFileType = sourcecode.swift; path = Prim.swift; sourceTree = "<group>"; };
		27F67C4C2954792C0070DB24 /* PrimTable.swift */ = {isa = PBXFileReference; lastKnownFileType = sourcecode.swift; path = PrimTable.swift; sourceTree = "<group>"; };
		27F67C4E295479530070DB24 /* TSP.swift */ = {isa = PBXFileReference; lastKnownFileType = sourcecode.swift; path = TSP.swift; sourceTree = "<group>"; };
		27F67C5129547E160070DB24 /* Graphs.swift */ = {isa = PBXFileReference; lastKnownFileType = sourcecode.swift; path = Graphs.swift; sourceTree = "<group>"; };
		27F67C5329547ECE0070DB24 /* GraphTheoryIntro.swift */ = {isa = PBXFileReference; lastKnownFileType = sourcecode.swift; path = GraphTheoryIntro.swift; sourceTree = "<group>"; };
		27F67C5529547F000070DB24 /* PracticeA.swift */ = {isa = PBXFileReference; lastKnownFileType = sourcecode.swift; path = PracticeA.swift; sourceTree = "<group>"; };
		27F67C5829547F330070DB24 /* ChinesePostmanModel1.swift */ = {isa = PBXFileReference; lastKnownFileType = sourcecode.swift; path = ChinesePostmanModel1.swift; sourceTree = "<group>"; };
		27F67C5A29547F570070DB24 /* Kruskal1.swift */ = {isa = PBXFileReference; lastKnownFileType = sourcecode.swift; path = Kruskal1.swift; sourceTree = "<group>"; };
		27F67C5C29547F690070DB24 /* Loops.swift */ = {isa = PBXFileReference; lastKnownFileType = sourcecode.swift; path = Loops.swift; sourceTree = "<group>"; };
		27F67C5E29547F7C0070DB24 /* Graph.swift */ = {isa = PBXFileReference; lastKnownFileType = sourcecode.swift; path = Graph.swift; sourceTree = "<group>"; };
		27F67C6029547F920070DB24 /* PrimTableModel1.swift */ = {isa = PBXFileReference; lastKnownFileType = sourcecode.swift; path = PrimTableModel1.swift; sourceTree = "<group>"; };
		27F67C6229547FB50070DB24 /* TSP1.swift */ = {isa = PBXFileReference; lastKnownFileType = sourcecode.swift; path = TSP1.swift; sourceTree = "<group>"; };
		27F67C6529547FF50070DB24 /* DefinitionView.swift */ = {isa = PBXFileReference; lastKnownFileType = sourcecode.swift; path = DefinitionView.swift; sourceTree = "<group>"; };
		27F67C67295480310070DB24 /* DirectedGraph.swift */ = {isa = PBXFileReference; lastKnownFileType = sourcecode.swift; path = DirectedGraph.swift; sourceTree = "<group>"; };
		27F67C69295480490070DB24 /* Konigsberg.swift */ = {isa = PBXFileReference; lastKnownFileType = sourcecode.swift; path = Konigsberg.swift; sourceTree = "<group>"; };
		27F67C6B2954805E0070DB24 /* Konigsberg2.swift */ = {isa = PBXFileReference; lastKnownFileType = sourcecode.swift; path = Konigsberg2.swift; sourceTree = "<group>"; };
		27F67C6D295480760070DB24 /* PracticeA1.swift */ = {isa = PBXFileReference; lastKnownFileType = sourcecode.swift; path = PracticeA1.swift; sourceTree = "<group>"; };
		27F67C6F2954808B0070DB24 /* PracticeA2.swift */ = {isa = PBXFileReference; lastKnownFileType = sourcecode.swift; path = PracticeA2.swift; sourceTree = "<group>"; };
		27F67C712954809F0070DB24 /* PracticeA3.swift */ = {isa = PBXFileReference; lastKnownFileType = sourcecode.swift; path = PracticeA3.swift; sourceTree = "<group>"; };
		27F67C74295480C80070DB24 /* Canvas.swift */ = {isa = PBXFileReference; lastKnownFileType = sourcecode.swift; path = Canvas.swift; sourceTree = "<group>"; };
		27F67C76295480E10070DB24 /* Definition.swift */ = {isa = PBXFileReference; lastKnownFileType = sourcecode.swift; path = Definition.swift; sourceTree = "<group>"; };
		27F67C78295480FF0070DB24 /* Edge.swift */ = {isa = PBXFileReference; lastKnownFileType = sourcecode.swift; path = Edge.swift; sourceTree = "<group>"; };
		27F67C7A295481940070DB24 /* Vertex.swift */ = {isa = PBXFileReference; lastKnownFileType = sourcecode.swift; path = Vertex.swift; sourceTree = "<group>"; };
		30C330144F466F94C04BAD7F /* Pods-GraphTheory-GraphTheoryUITests.release.xcconfig */ = {isa = PBXFileReference; includeInIndex = 1; lastKnownFileType = text.xcconfig; name = "Pods-GraphTheory-GraphTheoryUITests.release.xcconfig"; path = "Target Support Files/Pods-GraphTheory-GraphTheoryUITests/Pods-GraphTheory-GraphTheoryUITests.release.xcconfig"; sourceTree = "<group>"; };
		51FE4122193167D395C2540B /* Pods_GraphTheory_GraphTheoryUITests.framework */ = {isa = PBXFileReference; explicitFileType = wrapper.framework; includeInIndex = 0; path = Pods_GraphTheory_GraphTheoryUITests.framework; sourceTree = BUILT_PRODUCTS_DIR; };
		7C40F65C6EA74DBB69A88ACB /* Pods-GraphTheoryTests.debug.xcconfig */ = {isa = PBXFileReference; includeInIndex = 1; lastKnownFileType = text.xcconfig; name = "Pods-GraphTheoryTests.debug.xcconfig"; path = "Target Support Files/Pods-GraphTheoryTests/Pods-GraphTheoryTests.debug.xcconfig"; sourceTree = "<group>"; };
		7C8D52D9A755A6732BF1E49F /* Pods-GraphTheory-GraphTheoryUITests.debug.xcconfig */ = {isa = PBXFileReference; includeInIndex = 1; lastKnownFileType = text.xcconfig; name = "Pods-GraphTheory-GraphTheoryUITests.debug.xcconfig"; path = "Target Support Files/Pods-GraphTheory-GraphTheoryUITests/Pods-GraphTheory-GraphTheoryUITests.debug.xcconfig"; sourceTree = "<group>"; };
		97C4ED15545457457F643D1C /* Pods_GraphTheory.framework */ = {isa = PBXFileReference; explicitFileType = wrapper.framework; includeInIndex = 0; path = Pods_GraphTheory.framework; sourceTree = BUILT_PRODUCTS_DIR; };
		A1F45B85EF1607DD4A543819 /* Pods-GraphTheory.debug.xcconfig */ = {isa = PBXFileReference; includeInIndex = 1; lastKnownFileType = text.xcconfig; name = "Pods-GraphTheory.debug.xcconfig"; path = "Target Support Files/Pods-GraphTheory/Pods-GraphTheory.debug.xcconfig"; sourceTree = "<group>"; };
		BD39621B2CF39D1C005FB1A0 /* Toolbars.swift */ = {isa = PBXFileReference; lastKnownFileType = sourcecode.swift; path = Toolbars.swift; sourceTree = "<group>"; };
		BD39621F2CF3B103005FB1A0 /* KruskalEdgeView.swift */ = {isa = PBXFileReference; lastKnownFileType = sourcecode.swift; path = KruskalEdgeView.swift; sourceTree = "<group>"; };
		BD3962212CF3BD91005FB1A0 /* PrimEdgeView.swift */ = {isa = PBXFileReference; lastKnownFileType = sourcecode.swift; path = PrimEdgeView.swift; sourceTree = "<group>"; };
		BD3962232CF3BF5E005FB1A0 /* ChinesePostmanEdgeView.swift */ = {isa = PBXFileReference; lastKnownFileType = sourcecode.swift; path = ChinesePostmanEdgeView.swift; sourceTree = "<group>"; };
		BD3962252CF3BFBC005FB1A0 /* TSPEdgeView.swift */ = {isa = PBXFileReference; lastKnownFileType = sourcecode.swift; path = TSPEdgeView.swift; sourceTree = "<group>"; };
		BD3962272CF3C02E005FB1A0 /* EulerEdgeView.swift */ = {isa = PBXFileReference; lastKnownFileType = sourcecode.swift; path = EulerEdgeView.swift; sourceTree = "<group>"; };
		BD3C85262CF3C643007312D6 /* EdgeGesture.swift */ = {isa = PBXFileReference; lastKnownFileType = sourcecode.swift; path = EdgeGesture.swift; sourceTree = "<group>"; };
		BD5239502CF42D380067D26C /* VertexGesture.swift */ = {isa = PBXFileReference; lastKnownFileType = sourcecode.swift; path = VertexGesture.swift; sourceTree = "<group>"; };
		FCF82B03D7FC68368BA8E317 /* Pods_GraphTheoryTests.framework */ = {isa = PBXFileReference; explicitFileType = wrapper.framework; includeInIndex = 0; path = Pods_GraphTheoryTests.framework; sourceTree = BUILT_PRODUCTS_DIR; };
/* End PBXFileReference section */

/* Begin PBXFrameworksBuildPhase section */
		27F67C02295475DB0070DB24 /* Frameworks */ = {
			isa = PBXFrameworksBuildPhase;
			buildActionMask = 2147483647;
			files = (
				C988A5CE61EFB5541BB9C3D4 /* Pods_GraphTheory.framework in Frameworks */,
			);
			runOnlyForDeploymentPostprocessing = 0;
		};
		27F67C13295475DC0070DB24 /* Frameworks */ = {
			isa = PBXFrameworksBuildPhase;
			buildActionMask = 2147483647;
			files = (
				01D2FB3C5996AF030EA00297 /* Pods_GraphTheoryTests.framework in Frameworks */,
			);
			runOnlyForDeploymentPostprocessing = 0;
		};
		27F67C1D295475DC0070DB24 /* Frameworks */ = {
			isa = PBXFrameworksBuildPhase;
			buildActionMask = 2147483647;
			files = (
				D7D0670F4FFB7735E3C6C05C /* Pods_GraphTheory_GraphTheoryUITests.framework in Frameworks */,
			);
			runOnlyForDeploymentPostprocessing = 0;
		};
/* End PBXFrameworksBuildPhase section */

/* Begin PBXGroup section */
		27F67BFC295475DB0070DB24 = {
			isa = PBXGroup;
			children = (
				27F67C07295475DB0070DB24 /* GraphTheory */,
				27F67C19295475DC0070DB24 /* GraphTheoryTests */,
				27F67C23295475DC0070DB24 /* GraphTheoryUITests */,
				27F67C06295475DB0070DB24 /* Products */,
				77915432553C393FC7B739E0 /* Pods */,
				C110E852E93F6F9DFE89F668 /* Frameworks */,
			);
			sourceTree = "<group>";
		};
		27F67C06295475DB0070DB24 /* Products */ = {
			isa = PBXGroup;
			children = (
				27F67C05295475DB0070DB24 /* GraphTheory.app */,
				27F67C16295475DC0070DB24 /* GraphTheoryTests.xctest */,
				27F67C20295475DC0070DB24 /* GraphTheoryUITests.xctest */,
			);
			name = Products;
			sourceTree = "<group>";
		};
		27F67C07295475DB0070DB24 /* GraphTheory */ = {
			isa = PBXGroup;
			children = (
				27F67C73295480BC0070DB24 /* Views */,
				27F67C6429547FE40070DB24 /* TextBookModels */,
				27F67C5729547F1D0070DB24 /* Models */,
				27F67C5029547E080070DB24 /* Learn */,
				27F67C3B295478350070DB24 /* Algorithms */,
				27F67C08295475DB0070DB24 /* GraphTheoryApp.swift */,
				27F67C0A295475DB0070DB24 /* ContentView.swift */,
				27F67C33295476BB0070DB24 /* Gradients.swift */,
				27F67C35295476DF0070DB24 /* Math.swift */,
				27F67C37295477F10070DB24 /* NumbersOnly.swift */,
				27F67C39295478100070DB24 /* TrailingIcon.swift */,
				27F67C0C295475DC0070DB24 /* Assets.xcassets */,
				27F67C11295475DC0070DB24 /* GraphTheory.entitlements */,
				27F67C0E295475DC0070DB24 /* Preview Content */,
			);
			path = GraphTheory;
			sourceTree = "<group>";
		};
		27F67C0E295475DC0070DB24 /* Preview Content */ = {
			isa = PBXGroup;
			children = (
				27F67C0F295475DC0070DB24 /* Preview Assets.xcassets */,
			);
			path = "Preview Content";
			sourceTree = "<group>";
		};
		27F67C19295475DC0070DB24 /* GraphTheoryTests */ = {
			isa = PBXGroup;
			children = (
				27F67C1A295475DC0070DB24 /* GraphTheoryTests.swift */,
			);
			path = GraphTheoryTests;
			sourceTree = "<group>";
		};
		27F67C23295475DC0070DB24 /* GraphTheoryUITests */ = {
			isa = PBXGroup;
			children = (
				27F67C24295475DC0070DB24 /* GraphTheoryUITests.swift */,
				27F67C26295475DC0070DB24 /* GraphTheoryUITestsLaunchTests.swift */,
			);
			path = GraphTheoryUITests;
			sourceTree = "<group>";
		};
		27F67C3B295478350070DB24 /* Algorithms */ = {
			isa = PBXGroup;
			children = (
				27F67C3C295478450070DB24 /* ChinesePostman.swift */,
				27F67C44295478C40070DB24 /* Kruskal.swift */,
				27F67C46295478DD0070DB24 /* Matrix.swift */,
				27F67C48295478F40070DB24 /* Permutation.swift */,
				27F67C4A295479100070DB24 /* Prim.swift */,
				27F67C4C2954792C0070DB24 /* PrimTable.swift */,
				27F67C4E295479530070DB24 /* TSP.swift */,
			);
			path = Algorithms;
			sourceTree = "<group>";
		};
		27F67C5029547E080070DB24 /* Learn */ = {
			isa = PBXGroup;
			children = (
				27F67C5129547E160070DB24 /* Graphs.swift */,
				27F67C5329547ECE0070DB24 /* GraphTheoryIntro.swift */,
				27F67C5529547F000070DB24 /* PracticeA.swift */,
			);
			path = Learn;
			sourceTree = "<group>";
		};
		27F67C5729547F1D0070DB24 /* Models */ = {
			isa = PBXGroup;
			children = (
				27F67C5829547F330070DB24 /* ChinesePostmanModel1.swift */,
				27F67C5A29547F570070DB24 /* Kruskal1.swift */,
				27F67C5C29547F690070DB24 /* Loops.swift */,
				27F67C5E29547F7C0070DB24 /* Graph.swift */,
				27F67C6029547F920070DB24 /* PrimTableModel1.swift */,
				27F67C6229547FB50070DB24 /* TSP1.swift */,
			);
			path = Models;
			sourceTree = "<group>";
		};
		27F67C6429547FE40070DB24 /* TextBookModels */ = {
			isa = PBXGroup;
			children = (
				27F67C6529547FF50070DB24 /* DefinitionView.swift */,
				27F67C67295480310070DB24 /* DirectedGraph.swift */,
				27F67C69295480490070DB24 /* Konigsberg.swift */,
				27F67C6B2954805E0070DB24 /* Konigsberg2.swift */,
				27F67C6D295480760070DB24 /* PracticeA1.swift */,
				27F67C6F2954808B0070DB24 /* PracticeA2.swift */,
				27F67C712954809F0070DB24 /* PracticeA3.swift */,
			);
			path = TextBookModels;
			sourceTree = "<group>";
		};
		27F67C73295480BC0070DB24 /* Views */ = {
			isa = PBXGroup;
			children = (
				27F67C74295480C80070DB24 /* Canvas.swift */,
				BD5239502CF42D380067D26C /* VertexGesture.swift */,
				27F67C76295480E10070DB24 /* Definition.swift */,
				27F67C78295480FF0070DB24 /* Edge.swift */,
				BD3C85262CF3C643007312D6 /* EdgeGesture.swift */,
				BD3962272CF3C02E005FB1A0 /* EulerEdgeView.swift */,
				BD3962252CF3BFBC005FB1A0 /* TSPEdgeView.swift */,
				BD3962232CF3BF5E005FB1A0 /* ChinesePostmanEdgeView.swift */,
				BD3962212CF3BD91005FB1A0 /* PrimEdgeView.swift */,
				BD39621F2CF3B103005FB1A0 /* KruskalEdgeView.swift */,
				27F67C7A295481940070DB24 /* Vertex.swift */,
				BD39621B2CF39D1C005FB1A0 /* Toolbars.swift */,
			);
			path = Views;
			sourceTree = "<group>";
		};
		77915432553C393FC7B739E0 /* Pods */ = {
			isa = PBXGroup;
			children = (
				A1F45B85EF1607DD4A543819 /* Pods-GraphTheory.debug.xcconfig */,
				0B4053BE9F6A3915FBE2753E /* Pods-GraphTheory.release.xcconfig */,
				7C8D52D9A755A6732BF1E49F /* Pods-GraphTheory-GraphTheoryUITests.debug.xcconfig */,
				30C330144F466F94C04BAD7F /* Pods-GraphTheory-GraphTheoryUITests.release.xcconfig */,
				7C40F65C6EA74DBB69A88ACB /* Pods-GraphTheoryTests.debug.xcconfig */,
				01887E2FE82E79CC8E2AAEDD /* Pods-GraphTheoryTests.release.xcconfig */,
			);
			path = Pods;
			sourceTree = "<group>";
		};
		C110E852E93F6F9DFE89F668 /* Frameworks */ = {
			isa = PBXGroup;
			children = (
				97C4ED15545457457F643D1C /* Pods_GraphTheory.framework */,
				51FE4122193167D395C2540B /* Pods_GraphTheory_GraphTheoryUITests.framework */,
				FCF82B03D7FC68368BA8E317 /* Pods_GraphTheoryTests.framework */,
			);
			name = Frameworks;
			sourceTree = "<group>";
		};
/* End PBXGroup section */

/* Begin PBXNativeTarget section */
		27F67C04295475DB0070DB24 /* GraphTheory */ = {
			isa = PBXNativeTarget;
			buildConfigurationList = 27F67C2A295475DC0070DB24 /* Build configuration list for PBXNativeTarget "GraphTheory" */;
			buildPhases = (
				279CBAEC02FD5DABBD04E482 /* [CP] Check Pods Manifest.lock */,
				27F67C01295475DB0070DB24 /* Sources */,
				27F67C02295475DB0070DB24 /* Frameworks */,
				27F67C03295475DB0070DB24 /* Resources */,
				6B200CC37CDA3AB32411A6B4 /* [CP] Embed Pods Frameworks */,
			);
			buildRules = (
			);
			dependencies = (
			);
			name = GraphTheory;
			productName = GraphTheory;
			productReference = 27F67C05295475DB0070DB24 /* GraphTheory.app */;
			productType = "com.apple.product-type.application";
		};
		27F67C15295475DC0070DB24 /* GraphTheoryTests */ = {
			isa = PBXNativeTarget;
			buildConfigurationList = 27F67C2D295475DC0070DB24 /* Build configuration list for PBXNativeTarget "GraphTheoryTests" */;
			buildPhases = (
				46B09E8554F2E5F313DEE307 /* [CP] Check Pods Manifest.lock */,
				27F67C12295475DC0070DB24 /* Sources */,
				27F67C13295475DC0070DB24 /* Frameworks */,
				27F67C14295475DC0070DB24 /* Resources */,
			);
			buildRules = (
			);
			dependencies = (
				27F67C18295475DC0070DB24 /* PBXTargetDependency */,
			);
			name = GraphTheoryTests;
			productName = GraphTheoryTests;
			productReference = 27F67C16295475DC0070DB24 /* GraphTheoryTests.xctest */;
			productType = "com.apple.product-type.bundle.unit-test";
		};
		27F67C1F295475DC0070DB24 /* GraphTheoryUITests */ = {
			isa = PBXNativeTarget;
			buildConfigurationList = 27F67C30295475DC0070DB24 /* Build configuration list for PBXNativeTarget "GraphTheoryUITests" */;
			buildPhases = (
				59B290AB11FDE0DE017B81A1 /* [CP] Check Pods Manifest.lock */,
				27F67C1C295475DC0070DB24 /* Sources */,
				27F67C1D295475DC0070DB24 /* Frameworks */,
				27F67C1E295475DC0070DB24 /* Resources */,
				5502669D374423C8A826C1F8 /* [CP] Embed Pods Frameworks */,
			);
			buildRules = (
			);
			dependencies = (
				27F67C22295475DC0070DB24 /* PBXTargetDependency */,
			);
			name = GraphTheoryUITests;
			productName = GraphTheoryUITests;
			productReference = 27F67C20295475DC0070DB24 /* GraphTheoryUITests.xctest */;
			productType = "com.apple.product-type.bundle.ui-testing";
		};
/* End PBXNativeTarget section */

/* Begin PBXProject section */
		27F67BFD295475DB0070DB24 /* Project object */ = {
			isa = PBXProject;
			attributes = {
				BuildIndependentTargetsInParallel = 1;
				LastSwiftUpdateCheck = 1420;
				LastUpgradeCheck = 1610;
				TargetAttributes = {
					27F67C04295475DB0070DB24 = {
						CreatedOnToolsVersion = 14.2;
					};
					27F67C15295475DC0070DB24 = {
						CreatedOnToolsVersion = 14.2;
						TestTargetID = 27F67C04295475DB0070DB24;
					};
					27F67C1F295475DC0070DB24 = {
						CreatedOnToolsVersion = 14.2;
						TestTargetID = 27F67C04295475DB0070DB24;
					};
				};
			};
			buildConfigurationList = 27F67C00295475DB0070DB24 /* Build configuration list for PBXProject "GraphTheory" */;
			compatibilityVersion = "Xcode 14.0";
			developmentRegion = en;
			hasScannedForEncodings = 0;
			knownRegions = (
				en,
				Base,
			);
			mainGroup = 27F67BFC295475DB0070DB24;
			productRefGroup = 27F67C06295475DB0070DB24 /* Products */;
			projectDirPath = "";
			projectRoot = "";
			targets = (
				27F67C04295475DB0070DB24 /* GraphTheory */,
				27F67C15295475DC0070DB24 /* GraphTheoryTests */,
				27F67C1F295475DC0070DB24 /* GraphTheoryUITests */,
			);
		};
/* End PBXProject section */

/* Begin PBXResourcesBuildPhase section */
		27F67C03295475DB0070DB24 /* Resources */ = {
			isa = PBXResourcesBuildPhase;
			buildActionMask = 2147483647;
			files = (
				27F67C10295475DC0070DB24 /* Preview Assets.xcassets in Resources */,
				27F67C0D295475DC0070DB24 /* Assets.xcassets in Resources */,
			);
			runOnlyForDeploymentPostprocessing = 0;
		};
		27F67C14295475DC0070DB24 /* Resources */ = {
			isa = PBXResourcesBuildPhase;
			buildActionMask = 2147483647;
			files = (
			);
			runOnlyForDeploymentPostprocessing = 0;
		};
		27F67C1E295475DC0070DB24 /* Resources */ = {
			isa = PBXResourcesBuildPhase;
			buildActionMask = 2147483647;
			files = (
			);
			runOnlyForDeploymentPostprocessing = 0;
		};
/* End PBXResourcesBuildPhase section */

/* Begin PBXShellScriptBuildPhase section */
		279CBAEC02FD5DABBD04E482 /* [CP] Check Pods Manifest.lock */ = {
			isa = PBXShellScriptBuildPhase;
			buildActionMask = 2147483647;
			files = (
			);
			inputFileListPaths = (
			);
			inputPaths = (
				"${PODS_PODFILE_DIR_PATH}/Podfile.lock",
				"${PODS_ROOT}/Manifest.lock",
			);
			name = "[CP] Check Pods Manifest.lock";
			outputFileListPaths = (
			);
			outputPaths = (
				"$(DERIVED_FILE_DIR)/Pods-GraphTheory-checkManifestLockResult.txt",
			);
			runOnlyForDeploymentPostprocessing = 0;
			shellPath = /bin/sh;
			shellScript = "diff \"${PODS_PODFILE_DIR_PATH}/Podfile.lock\" \"${PODS_ROOT}/Manifest.lock\" > /dev/null\nif [ $? != 0 ] ; then\n    # print error to STDERR\n    echo \"error: The sandbox is not in sync with the Podfile.lock. Run 'pod install' or update your CocoaPods installation.\" >&2\n    exit 1\nfi\n# This output is used by Xcode 'outputs' to avoid re-running this script phase.\necho \"SUCCESS\" > \"${SCRIPT_OUTPUT_FILE_0}\"\n";
			showEnvVarsInLog = 0;
		};
		46B09E8554F2E5F313DEE307 /* [CP] Check Pods Manifest.lock */ = {
			isa = PBXShellScriptBuildPhase;
			buildActionMask = 2147483647;
			files = (
			);
			inputFileListPaths = (
			);
			inputPaths = (
				"${PODS_PODFILE_DIR_PATH}/Podfile.lock",
				"${PODS_ROOT}/Manifest.lock",
			);
			name = "[CP] Check Pods Manifest.lock";
			outputFileListPaths = (
			);
			outputPaths = (
				"$(DERIVED_FILE_DIR)/Pods-GraphTheoryTests-checkManifestLockResult.txt",
			);
			runOnlyForDeploymentPostprocessing = 0;
			shellPath = /bin/sh;
			shellScript = "diff \"${PODS_PODFILE_DIR_PATH}/Podfile.lock\" \"${PODS_ROOT}/Manifest.lock\" > /dev/null\nif [ $? != 0 ] ; then\n    # print error to STDERR\n    echo \"error: The sandbox is not in sync with the Podfile.lock. Run 'pod install' or update your CocoaPods installation.\" >&2\n    exit 1\nfi\n# This output is used by Xcode 'outputs' to avoid re-running this script phase.\necho \"SUCCESS\" > \"${SCRIPT_OUTPUT_FILE_0}\"\n";
			showEnvVarsInLog = 0;
		};
		5502669D374423C8A826C1F8 /* [CP] Embed Pods Frameworks */ = {
			isa = PBXShellScriptBuildPhase;
			buildActionMask = 2147483647;
			files = (
			);
			inputFileListPaths = (
				"${PODS_ROOT}/Target Support Files/Pods-GraphTheory-GraphTheoryUITests/Pods-GraphTheory-GraphTheoryUITests-frameworks-${CONFIGURATION}-input-files.xcfilelist",
			);
			name = "[CP] Embed Pods Frameworks";
			outputFileListPaths = (
				"${PODS_ROOT}/Target Support Files/Pods-GraphTheory-GraphTheoryUITests/Pods-GraphTheory-GraphTheoryUITests-frameworks-${CONFIGURATION}-output-files.xcfilelist",
			);
			runOnlyForDeploymentPostprocessing = 0;
			shellPath = /bin/sh;
			shellScript = "\"${PODS_ROOT}/Target Support Files/Pods-GraphTheory-GraphTheoryUITests/Pods-GraphTheory-GraphTheoryUITests-frameworks.sh\"\n";
			showEnvVarsInLog = 0;
		};
		59B290AB11FDE0DE017B81A1 /* [CP] Check Pods Manifest.lock */ = {
			isa = PBXShellScriptBuildPhase;
			buildActionMask = 2147483647;
			files = (
			);
			inputFileListPaths = (
			);
			inputPaths = (
				"${PODS_PODFILE_DIR_PATH}/Podfile.lock",
				"${PODS_ROOT}/Manifest.lock",
			);
			name = "[CP] Check Pods Manifest.lock";
			outputFileListPaths = (
			);
			outputPaths = (
				"$(DERIVED_FILE_DIR)/Pods-GraphTheory-GraphTheoryUITests-checkManifestLockResult.txt",
			);
			runOnlyForDeploymentPostprocessing = 0;
			shellPath = /bin/sh;
			shellScript = "diff \"${PODS_PODFILE_DIR_PATH}/Podfile.lock\" \"${PODS_ROOT}/Manifest.lock\" > /dev/null\nif [ $? != 0 ] ; then\n    # print error to STDERR\n    echo \"error: The sandbox is not in sync with the Podfile.lock. Run 'pod install' or update your CocoaPods installation.\" >&2\n    exit 1\nfi\n# This output is used by Xcode 'outputs' to avoid re-running this script phase.\necho \"SUCCESS\" > \"${SCRIPT_OUTPUT_FILE_0}\"\n";
			showEnvVarsInLog = 0;
		};
		6B200CC37CDA3AB32411A6B4 /* [CP] Embed Pods Frameworks */ = {
			isa = PBXShellScriptBuildPhase;
			buildActionMask = 2147483647;
			files = (
			);
			inputFileListPaths = (
				"${PODS_ROOT}/Target Support Files/Pods-GraphTheory/Pods-GraphTheory-frameworks-${CONFIGURATION}-input-files.xcfilelist",
			);
			name = "[CP] Embed Pods Frameworks";
			outputFileListPaths = (
				"${PODS_ROOT}/Target Support Files/Pods-GraphTheory/Pods-GraphTheory-frameworks-${CONFIGURATION}-output-files.xcfilelist",
			);
			runOnlyForDeploymentPostprocessing = 0;
			shellPath = /bin/sh;
			shellScript = "\"${PODS_ROOT}/Target Support Files/Pods-GraphTheory/Pods-GraphTheory-frameworks.sh\"\n";
			showEnvVarsInLog = 0;
		};
/* End PBXShellScriptBuildPhase section */

/* Begin PBXSourcesBuildPhase section */
		27F67C01295475DB0070DB24 /* Sources */ = {
			isa = PBXSourcesBuildPhase;
			buildActionMask = 2147483647;
			files = (
				27F67C0B295475DB0070DB24 /* ContentView.swift in Sources */,
				BD5239512CF42D380067D26C /* VertexGesture.swift in Sources */,
				27F67C09295475DB0070DB24 /* GraphTheoryApp.swift in Sources */,
				BD39621C2CF39D1C005FB1A0 /* Toolbars.swift in Sources */,
				27F67C49295478F40070DB24 /* Permutation.swift in Sources */,
				27F67C5F29547F7C0070DB24 /* Graph.swift in Sources */,
				27F67C4D2954792C0070DB24 /* PrimTable.swift in Sources */,
				27F67C702954808B0070DB24 /* PracticeA2.swift in Sources */,
				27F67C34295476BB0070DB24 /* Gradients.swift in Sources */,
				27F67C5229547E160070DB24 /* Graphs.swift in Sources */,
				27F67C6329547FB50070DB24 /* TSP1.swift in Sources */,
				BD3962242CF3BF5E005FB1A0 /* ChinesePostmanEdgeView.swift in Sources */,
				27F67C722954809F0070DB24 /* PracticeA3.swift in Sources */,
				27F67C6C2954805E0070DB24 /* Konigsberg2.swift in Sources */,
				BD3962202CF3B103005FB1A0 /* KruskalEdgeView.swift in Sources */,
				27F67C45295478C40070DB24 /* Kruskal.swift in Sources */,
				27F67C6A295480490070DB24 /* Konigsberg.swift in Sources */,
				27F67C5929547F330070DB24 /* ChinesePostmanModel1.swift in Sources */,
				27F67C6129547F920070DB24 /* PrimTableModel1.swift in Sources */,
				27F67C3D295478450070DB24 /* ChinesePostman.swift in Sources */,
				27F67C5629547F000070DB24 /* PracticeA.swift in Sources */,
				27F67C5D29547F690070DB24 /* Loops.swift in Sources */,
				BD3962222CF3BD91005FB1A0 /* PrimEdgeView.swift in Sources */,
				27F67C68295480310070DB24 /* DirectedGraph.swift in Sources */,
				27F67C5B29547F570070DB24 /* Kruskal1.swift in Sources */,
				27F67C36295476DF0070DB24 /* Math.swift in Sources */,
				BD3962282CF3C02E005FB1A0 /* EulerEdgeView.swift in Sources */,
				27F67C5429547ECE0070DB24 /* GraphTheoryIntro.swift in Sources */,
				27F67C79295480FF0070DB24 /* Edge.swift in Sources */,
				27F67C75295480C80070DB24 /* Canvas.swift in Sources */,
				BD3C85272CF3C643007312D6 /* EdgeGesture.swift in Sources */,
				27F67C3A295478100070DB24 /* TrailingIcon.swift in Sources */,
				27F67C4B295479100070DB24 /* Prim.swift in Sources */,
				27F67C4F295479530070DB24 /* TSP.swift in Sources */,
				27F67C6E295480760070DB24 /* PracticeA1.swift in Sources */,
				27F67C7B295481940070DB24 /* Vertex.swift in Sources */,
				27F67C6629547FF50070DB24 /* DefinitionView.swift in Sources */,
				BD3962262CF3BFBC005FB1A0 /* TSPEdgeView.swift in Sources */,
				27F67C47295478DE0070DB24 /* Matrix.swift in Sources */,
				27F67C77295480E10070DB24 /* Definition.swift in Sources */,
				27F67C38295477F10070DB24 /* NumbersOnly.swift in Sources */,
			);
			runOnlyForDeploymentPostprocessing = 0;
		};
		27F67C12295475DC0070DB24 /* Sources */ = {
			isa = PBXSourcesBuildPhase;
			buildActionMask = 2147483647;
			files = (
				27F67C1B295475DC0070DB24 /* GraphTheoryTests.swift in Sources */,
			);
			runOnlyForDeploymentPostprocessing = 0;
		};
		27F67C1C295475DC0070DB24 /* Sources */ = {
			isa = PBXSourcesBuildPhase;
			buildActionMask = 2147483647;
			files = (
				27F67C27295475DC0070DB24 /* GraphTheoryUITestsLaunchTests.swift in Sources */,
				27F67C25295475DC0070DB24 /* GraphTheoryUITests.swift in Sources */,
			);
			runOnlyForDeploymentPostprocessing = 0;
		};
/* End PBXSourcesBuildPhase section */

/* Begin PBXTargetDependency section */
		27F67C18295475DC0070DB24 /* PBXTargetDependency */ = {
			isa = PBXTargetDependency;
			target = 27F67C04295475DB0070DB24 /* GraphTheory */;
			targetProxy = 27F67C17295475DC0070DB24 /* PBXContainerItemProxy */;
		};
		27F67C22295475DC0070DB24 /* PBXTargetDependency */ = {
			isa = PBXTargetDependency;
			target = 27F67C04295475DB0070DB24 /* GraphTheory */;
			targetProxy = 27F67C21295475DC0070DB24 /* PBXContainerItemProxy */;
		};
/* End PBXTargetDependency section */

/* Begin XCBuildConfiguration section */
		27F67C28295475DC0070DB24 /* Debug */ = {
			isa = XCBuildConfiguration;
			buildSettings = {
				ALWAYS_SEARCH_USER_PATHS = NO;
				CLANG_ANALYZER_NONNULL = YES;
				CLANG_ANALYZER_NUMBER_OBJECT_CONVERSION = YES_AGGRESSIVE;
				CLANG_CXX_LANGUAGE_STANDARD = "gnu++20";
				CLANG_ENABLE_MODULES = YES;
				CLANG_ENABLE_OBJC_ARC = YES;
				CLANG_ENABLE_OBJC_WEAK = YES;
				CLANG_WARN_BLOCK_CAPTURE_AUTORELEASING = YES;
				CLANG_WARN_BOOL_CONVERSION = YES;
				CLANG_WARN_COMMA = YES;
				CLANG_WARN_CONSTANT_CONVERSION = YES;
				CLANG_WARN_DEPRECATED_OBJC_IMPLEMENTATIONS = YES;
				CLANG_WARN_DIRECT_OBJC_ISA_USAGE = YES_ERROR;
				CLANG_WARN_DOCUMENTATION_COMMENTS = YES;
				CLANG_WARN_EMPTY_BODY = YES;
				CLANG_WARN_ENUM_CONVERSION = YES;
				CLANG_WARN_INFINITE_RECURSION = YES;
				CLANG_WARN_INT_CONVERSION = YES;
				CLANG_WARN_NON_LITERAL_NULL_CONVERSION = YES;
				CLANG_WARN_OBJC_IMPLICIT_RETAIN_SELF = YES;
				CLANG_WARN_OBJC_LITERAL_CONVERSION = YES;
				CLANG_WARN_OBJC_ROOT_CLASS = YES_ERROR;
				CLANG_WARN_QUOTED_INCLUDE_IN_FRAMEWORK_HEADER = YES;
				CLANG_WARN_RANGE_LOOP_ANALYSIS = YES;
				CLANG_WARN_STRICT_PROTOTYPES = YES;
				CLANG_WARN_SUSPICIOUS_MOVE = YES;
				CLANG_WARN_UNGUARDED_AVAILABILITY = YES_AGGRESSIVE;
				CLANG_WARN_UNREACHABLE_CODE = YES;
				CLANG_WARN__DUPLICATE_METHOD_MATCH = YES;
				COPY_PHASE_STRIP = NO;
				DEAD_CODE_STRIPPING = YES;
				DEBUG_INFORMATION_FORMAT = dwarf;
				ENABLE_STRICT_OBJC_MSGSEND = YES;
				ENABLE_TESTABILITY = YES;
				ENABLE_USER_SCRIPT_SANDBOXING = NO;
				GCC_C_LANGUAGE_STANDARD = gnu11;
				GCC_DYNAMIC_NO_PIC = NO;
				GCC_NO_COMMON_BLOCKS = YES;
				GCC_OPTIMIZATION_LEVEL = 0;
				GCC_PREPROCESSOR_DEFINITIONS = (
					"DEBUG=1",
					"$(inherited)",
				);
				GCC_WARN_64_TO_32_BIT_CONVERSION = YES;
				GCC_WARN_ABOUT_RETURN_TYPE = YES_ERROR;
				GCC_WARN_UNDECLARED_SELECTOR = YES;
				GCC_WARN_UNINITIALIZED_AUTOS = YES_AGGRESSIVE;
				GCC_WARN_UNUSED_FUNCTION = YES;
				GCC_WARN_UNUSED_VARIABLE = YES;
				MACOSX_DEPLOYMENT_TARGET = 13.1;
				MTL_ENABLE_DEBUG_INFO = INCLUDE_SOURCE;
				MTL_FAST_MATH = YES;
				ONLY_ACTIVE_ARCH = YES;
				SDKROOT = macosx;
				SWIFT_ACTIVE_COMPILATION_CONDITIONS = DEBUG;
				SWIFT_OPTIMIZATION_LEVEL = "-Onone";
			};
			name = Debug;
		};
		27F67C29295475DC0070DB24 /* Release */ = {
			isa = XCBuildConfiguration;
			buildSettings = {
				ALWAYS_SEARCH_USER_PATHS = NO;
				CLANG_ANALYZER_NONNULL = YES;
				CLANG_ANALYZER_NUMBER_OBJECT_CONVERSION = YES_AGGRESSIVE;
				CLANG_CXX_LANGUAGE_STANDARD = "gnu++20";
				CLANG_ENABLE_MODULES = YES;
				CLANG_ENABLE_OBJC_ARC = YES;
				CLANG_ENABLE_OBJC_WEAK = YES;
				CLANG_WARN_BLOCK_CAPTURE_AUTORELEASING = YES;
				CLANG_WARN_BOOL_CONVERSION = YES;
				CLANG_WARN_COMMA = YES;
				CLANG_WARN_CONSTANT_CONVERSION = YES;
				CLANG_WARN_DEPRECATED_OBJC_IMPLEMENTATIONS = YES;
				CLANG_WARN_DIRECT_OBJC_ISA_USAGE = YES_ERROR;
				CLANG_WARN_DOCUMENTATION_COMMENTS = YES;
				CLANG_WARN_EMPTY_BODY = YES;
				CLANG_WARN_ENUM_CONVERSION = YES;
				CLANG_WARN_INFINITE_RECURSION = YES;
				CLANG_WARN_INT_CONVERSION = YES;
				CLANG_WARN_NON_LITERAL_NULL_CONVERSION = YES;
				CLANG_WARN_OBJC_IMPLICIT_RETAIN_SELF = YES;
				CLANG_WARN_OBJC_LITERAL_CONVERSION = YES;
				CLANG_WARN_OBJC_ROOT_CLASS = YES_ERROR;
				CLANG_WARN_QUOTED_INCLUDE_IN_FRAMEWORK_HEADER = YES;
				CLANG_WARN_RANGE_LOOP_ANALYSIS = YES;
				CLANG_WARN_STRICT_PROTOTYPES = YES;
				CLANG_WARN_SUSPICIOUS_MOVE = YES;
				CLANG_WARN_UNGUARDED_AVAILABILITY = YES_AGGRESSIVE;
				CLANG_WARN_UNREACHABLE_CODE = YES;
				CLANG_WARN__DUPLICATE_METHOD_MATCH = YES;
				COPY_PHASE_STRIP = NO;
				DEAD_CODE_STRIPPING = YES;
				DEBUG_INFORMATION_FORMAT = "dwarf-with-dsym";
				ENABLE_NS_ASSERTIONS = NO;
				ENABLE_STRICT_OBJC_MSGSEND = YES;
				ENABLE_USER_SCRIPT_SANDBOXING = NO;
				GCC_C_LANGUAGE_STANDARD = gnu11;
				GCC_NO_COMMON_BLOCKS = YES;
				GCC_WARN_64_TO_32_BIT_CONVERSION = YES;
				GCC_WARN_ABOUT_RETURN_TYPE = YES_ERROR;
				GCC_WARN_UNDECLARED_SELECTOR = YES;
				GCC_WARN_UNINITIALIZED_AUTOS = YES_AGGRESSIVE;
				GCC_WARN_UNUSED_FUNCTION = YES;
				GCC_WARN_UNUSED_VARIABLE = YES;
				MACOSX_DEPLOYMENT_TARGET = 13.1;
				MTL_ENABLE_DEBUG_INFO = NO;
				MTL_FAST_MATH = YES;
				SDKROOT = macosx;
				SWIFT_COMPILATION_MODE = wholemodule;
				SWIFT_OPTIMIZATION_LEVEL = "-O";
			};
			name = Release;
		};
		27F67C2B295475DC0070DB24 /* Debug */ = {
			isa = XCBuildConfiguration;
			baseConfigurationReference = A1F45B85EF1607DD4A543819 /* Pods-GraphTheory.debug.xcconfig */;
			buildSettings = {
				ASSETCATALOG_COMPILER_APPICON_NAME = AppIcon;
				ASSETCATALOG_COMPILER_GLOBAL_ACCENT_COLOR_NAME = AccentColor;
				CODE_SIGN_ENTITLEMENTS = GraphTheory/GraphTheory.entitlements;
				CODE_SIGN_STYLE = Automatic;
				COMBINE_HIDPI_IMAGES = YES;
				CURRENT_PROJECT_VERSION = 1;
				DEAD_CODE_STRIPPING = YES;
				DEVELOPMENT_ASSET_PATHS = "\"GraphTheory/Preview Content\"";
				DEVELOPMENT_TEAM = MWHJRMZPCP;
				ENABLE_HARDENED_RUNTIME = YES;
				ENABLE_PREVIEWS = YES;
				GENERATE_INFOPLIST_FILE = YES;
				INFOPLIST_KEY_CFBundleDisplayName = "Graph Theory";
				INFOPLIST_KEY_LSApplicationCategoryType = "public.app-category.education";
				INFOPLIST_KEY_NSHumanReadableCopyright = "";
				LD_RUNPATH_SEARCH_PATHS = (
					"$(inherited)",
					"@executable_path/../Frameworks",
				);
				MACOSX_DEPLOYMENT_TARGET = 13.1;
				MARKETING_VERSION = 1.0;
				PRODUCT_BUNDLE_IDENTIFIER = mikewatson92.GraphTheory;
				PRODUCT_NAME = "$(TARGET_NAME)";
				SWIFT_EMIT_LOC_STRINGS = YES;
				SWIFT_VERSION = 5.0;
			};
			name = Debug;
		};
		27F67C2C295475DC0070DB24 /* Release */ = {
			isa = XCBuildConfiguration;
			baseConfigurationReference = 0B4053BE9F6A3915FBE2753E /* Pods-GraphTheory.release.xcconfig */;
			buildSettings = {
				ASSETCATALOG_COMPILER_APPICON_NAME = AppIcon;
				ASSETCATALOG_COMPILER_GLOBAL_ACCENT_COLOR_NAME = AccentColor;
				CODE_SIGN_ENTITLEMENTS = GraphTheory/GraphTheory.entitlements;
				CODE_SIGN_STYLE = Automatic;
				COMBINE_HIDPI_IMAGES = YES;
				CURRENT_PROJECT_VERSION = 1;
				DEAD_CODE_STRIPPING = YES;
				DEVELOPMENT_ASSET_PATHS = "\"GraphTheory/Preview Content\"";
				DEVELOPMENT_TEAM = MWHJRMZPCP;
				ENABLE_HARDENED_RUNTIME = YES;
				ENABLE_PREVIEWS = YES;
				GENERATE_INFOPLIST_FILE = YES;
				INFOPLIST_KEY_CFBundleDisplayName = "Graph Theory";
				INFOPLIST_KEY_LSApplicationCategoryType = "public.app-category.education";
				INFOPLIST_KEY_NSHumanReadableCopyright = "";
				LD_RUNPATH_SEARCH_PATHS = (
					"$(inherited)",
					"@executable_path/../Frameworks",
				);
				MACOSX_DEPLOYMENT_TARGET = 13.1;
				MARKETING_VERSION = 1.0;
				PRODUCT_BUNDLE_IDENTIFIER = mikewatson92.GraphTheory;
				PRODUCT_NAME = "$(TARGET_NAME)";
				SWIFT_EMIT_LOC_STRINGS = YES;
				SWIFT_VERSION = 5.0;
			};
			name = Release;
		};
		27F67C2E295475DC0070DB24 /* Debug */ = {
			isa = XCBuildConfiguration;
			baseConfigurationReference = 7C40F65C6EA74DBB69A88ACB /* Pods-GraphTheoryTests.debug.xcconfig */;
			buildSettings = {
				BUNDLE_LOADER = "$(TEST_HOST)";
				CODE_SIGN_STYLE = Automatic;
				CURRENT_PROJECT_VERSION = 1;
				DEAD_CODE_STRIPPING = YES;
				DEVELOPMENT_TEAM = MWHJRMZPCP;
				GENERATE_INFOPLIST_FILE = YES;
				MACOSX_DEPLOYMENT_TARGET = 13.0;
				MARKETING_VERSION = 1.0;
				PRODUCT_BUNDLE_IDENTIFIER = mikewatson92.GraphTheoryTests;
				PRODUCT_NAME = "$(TARGET_NAME)";
				SWIFT_EMIT_LOC_STRINGS = NO;
				SWIFT_VERSION = 5.0;
				TEST_HOST = "$(BUILT_PRODUCTS_DIR)/GraphTheory.app/$(BUNDLE_EXECUTABLE_FOLDER_PATH)/GraphTheory";
			};
			name = Debug;
		};
		27F67C2F295475DC0070DB24 /* Release */ = {
			isa = XCBuildConfiguration;
			baseConfigurationReference = 01887E2FE82E79CC8E2AAEDD /* Pods-GraphTheoryTests.release.xcconfig */;
			buildSettings = {
				BUNDLE_LOADER = "$(TEST_HOST)";
				CODE_SIGN_STYLE = Automatic;
				CURRENT_PROJECT_VERSION = 1;
				DEAD_CODE_STRIPPING = YES;
				DEVELOPMENT_TEAM = MWHJRMZPCP;
				GENERATE_INFOPLIST_FILE = YES;
				MACOSX_DEPLOYMENT_TARGET = 13.0;
				MARKETING_VERSION = 1.0;
				PRODUCT_BUNDLE_IDENTIFIER = mikewatson92.GraphTheoryTests;
				PRODUCT_NAME = "$(TARGET_NAME)";
				SWIFT_EMIT_LOC_STRINGS = NO;
				SWIFT_VERSION = 5.0;
				TEST_HOST = "$(BUILT_PRODUCTS_DIR)/GraphTheory.app/$(BUNDLE_EXECUTABLE_FOLDER_PATH)/GraphTheory";
			};
			name = Release;
		};
		27F67C31295475DC0070DB24 /* Debug */ = {
			isa = XCBuildConfiguration;
			baseConfigurationReference = 7C8D52D9A755A6732BF1E49F /* Pods-GraphTheory-GraphTheoryUITests.debug.xcconfig */;
			buildSettings = {
				CODE_SIGN_STYLE = Automatic;
				CURRENT_PROJECT_VERSION = 1;
				DEAD_CODE_STRIPPING = YES;
				DEVELOPMENT_TEAM = MWHJRMZPCP;
				GENERATE_INFOPLIST_FILE = YES;
				MARKETING_VERSION = 1.0;
				PRODUCT_BUNDLE_IDENTIFIER = mikewatson92.GraphTheoryUITests;
				PRODUCT_NAME = "$(TARGET_NAME)";
				SWIFT_EMIT_LOC_STRINGS = NO;
				SWIFT_VERSION = 5.0;
				TEST_TARGET_NAME = GraphTheory;
			};
			name = Debug;
		};
		27F67C32295475DC0070DB24 /* Release */ = {
			isa = XCBuildConfiguration;
			baseConfigurationReference = 30C330144F466F94C04BAD7F /* Pods-GraphTheory-GraphTheoryUITests.release.xcconfig */;
			buildSettings = {
				CODE_SIGN_STYLE = Automatic;
				CURRENT_PROJECT_VERSION = 1;
				DEAD_CODE_STRIPPING = YES;
				DEVELOPMENT_TEAM = MWHJRMZPCP;
				GENERATE_INFOPLIST_FILE = YES;
				MARKETING_VERSION = 1.0;
				PRODUCT_BUNDLE_IDENTIFIER = mikewatson92.GraphTheoryUITests;
				PRODUCT_NAME = "$(TARGET_NAME)";
				SWIFT_EMIT_LOC_STRINGS = NO;
				SWIFT_VERSION = 5.0;
				TEST_TARGET_NAME = GraphTheory;
			};
			name = Release;
		};
/* End XCBuildConfiguration section */

/* Begin XCConfigurationList section */
		27F67C00295475DB0070DB24 /* Build configuration list for PBXProject "GraphTheory" */ = {
			isa = XCConfigurationList;
			buildConfigurations = (
				27F67C28295475DC0070DB24 /* Debug */,
				27F67C29295475DC0070DB24 /* Release */,
			);
			defaultConfigurationIsVisible = 0;
			defaultConfigurationName = Release;
		};
		27F67C2A295475DC0070DB24 /* Build configuration list for PBXNativeTarget "GraphTheory" */ = {
			isa = XCConfigurationList;
			buildConfigurations = (
				27F67C2B295475DC0070DB24 /* Debug */,
				27F67C2C295475DC0070DB24 /* Release */,
			);
			defaultConfigurationIsVisible = 0;
			defaultConfigurationName = Release;
		};
		27F67C2D295475DC0070DB24 /* Build configuration list for PBXNativeTarget "GraphTheoryTests" */ = {
			isa = XCConfigurationList;
			buildConfigurations = (
				27F67C2E295475DC0070DB24 /* Debug */,
				27F67C2F295475DC0070DB24 /* Release */,
			);
			defaultConfigurationIsVisible = 0;
			defaultConfigurationName = Release;
		};
		27F67C30295475DC0070DB24 /* Build configuration list for PBXNativeTarget "GraphTheoryUITests" */ = {
			isa = XCConfigurationList;
			buildConfigurations = (
				27F67C31295475DC0070DB24 /* Debug */,
				27F67C32295475DC0070DB24 /* Release */,
			);
			defaultConfigurationIsVisible = 0;
			defaultConfigurationName = Release;
		};
/* End XCConfigurationList section */
	};
	rootObject = 27F67BFD295475DB0070DB24 /* Project object */;
}
